
Microsoft Visual Studio Solution File, Format Version 12.00
# Visual Studio 15
VisualStudioVersion = 15.0.26228.9
MinimumVisualStudioVersion = 10.0.40219.1
Project("{FAE04EC0-301F-11D3-BF4B-00C04F79EFBC}") = "C-Sharp_ExamplesCode", "C-Sharp_ExamplesCode\C-Sharp_ExamplesCode.csproj", "{57A811D7-1F2D-4FED-8959-905ADDE28FA6}"
EndProject
Project("{FAE04EC0-301F-11D3-BF4B-00C04F79EFBC}") = "UnitTest", "TestLibrary\UnitTest.csproj", "{2C32C705-E2D5-46EA-9797-604F29DEE28E}"
EndProject
Project("{FAE04EC0-301F-11D3-BF4B-00C04F79EFBC}") = "DAL", "DAL\DAL.csproj", "{29FE4D99-7865-41B1-A86F-5C7DA97C1923}"
EndProject
Project("{FAE04EC0-301F-11D3-BF4B-00C04F79EFBC}") = "BLL", "BLL\BLL.csproj", "{F58AF458-072D-4279-A1F1-F0779B0FB57F}"
EndProject
Project("{2150E333-8FDC-42A3-9474-1A3956D46DE8}") = "Web", "Web", "{769E63F4-2B16-4C9E-AAD5-FCEFE49DE7A4}"
EndProject
Project("{E24C65DC-7377-472B-9ABA-BC803B73C61A}") = "AngularJSTutorial(1)", "Web\AngularJSTutorial\", "{98B7CB3C-F03A-4121-A343-61C7B84EFEA8}"
	ProjectSection(WebsiteProperties) = preProject
		TargetFrameworkMoniker = ".NETFramework,Version%3Dv4.5.2"
		Debug.AspNetCompiler.VirtualPath = "/localhost_62466"
		Debug.AspNetCompiler.PhysicalPath = "Web\AngularJSTutorial\"
		Debug.AspNetCompiler.TargetPath = "PrecompiledWeb\localhost_62466\"
		Debug.AspNetCompiler.Updateable = "true"
		Debug.AspNetCompiler.ForceOverwrite = "true"
		Debug.AspNetCompiler.FixedNames = "false"
		Debug.AspNetCompiler.Debug = "True"
		Release.AspNetCompiler.VirtualPath = "/localhost_62466"
		Release.AspNetCompiler.PhysicalPath = "Web\AngularJSTutorial\"
		Release.AspNetCompiler.TargetPath = "PrecompiledWeb\localhost_62466\"
		Release.AspNetCompiler.Updateable = "true"
		Release.AspNetCompiler.ForceOverwrite = "true"
		Release.AspNetCompiler.FixedNames = "false"
		Release.AspNetCompiler.Debug = "False"
		VWDPort = "62466"
		SlnRelativePath = "Web\AngularJSTutorial\"
	EndProjectSection
EndProject
Project("{E24C65DC-7377-472B-9ABA-BC803B73C61A}") = "WebSiteExample(1)", "Web\WebSiteExample\", "{8AFF8F75-519D-432D-9048-81D0286E3416}"
	ProjectSection(WebsiteProperties) = preProject
		TargetFrameworkMoniker = ".NETFramework,Version%3Dv4.5.2"
		Debug.AspNetCompiler.VirtualPath = "/localhost_62490"
		Debug.AspNetCompiler.PhysicalPath = "Web\WebSiteExample\"
		Debug.AspNetCompiler.TargetPath = "PrecompiledWeb\localhost_62490\"
		Debug.AspNetCompiler.Updateable = "true"
		Debug.AspNetCompiler.ForceOverwrite = "true"
		Debug.AspNetCompiler.FixedNames = "false"
		Debug.AspNetCompiler.Debug = "True"
		Release.AspNetCompiler.VirtualPath = "/localhost_62490"
		Release.AspNetCompiler.PhysicalPath = "Web\WebSiteExample\"
		Release.AspNetCompiler.TargetPath = "PrecompiledWeb\localhost_62490\"
		Release.AspNetCompiler.Updateable = "true"
		Release.AspNetCompiler.ForceOverwrite = "true"
		Release.AspNetCompiler.FixedNames = "false"
		Release.AspNetCompiler.Debug = "False"
		VWDPort = "62490"
		SlnRelativePath = "Web\WebSiteExample\"
	EndProjectSection
EndProject
Global
	GlobalSection(SolutionConfigurationPlatforms) = preSolution
		Debug|Any CPU = Debug|Any CPU
		Release|Any CPU = Release|Any CPU
	EndGlobalSection
	GlobalSection(ProjectConfigurationPlatforms) = postSolution
		{57A811D7-1F2D-4FED-8959-905ADDE28FA6}.Debug|Any CPU.ActiveCfg = Debug|Any CPU
		{57A811D7-1F2D-4FED-8959-905ADDE28FA6}.Debug|Any CPU.Build.0 = Debug|Any CPU
		{57A811D7-1F2D-4FED-8959-905ADDE28FA6}.Release|Any CPU.ActiveCfg = Release|Any CPU
		{57A811D7-1F2D-4FED-8959-905ADDE28FA6}.Release|Any CPU.Build.0 = Release|Any CPU
		{2C32C705-E2D5-46EA-9797-604F29DEE28E}.Debug|Any CPU.ActiveCfg = Debug|Any CPU
		{2C32C705-E2D5-46EA-9797-604F29DEE28E}.Debug|Any CPU.Build.0 = Debug|Any CPU
		{2C32C705-E2D5-46EA-9797-604F29DEE28E}.Release|Any CPU.ActiveCfg = Release|Any CPU
		{2C32C705-E2D5-46EA-9797-604F29DEE28E}.Release|Any CPU.Build.0 = Release|Any CPU
		{29FE4D99-7865-41B1-A86F-5C7DA97C1923}.Debug|Any CPU.ActiveCfg = Debug|Any CPU
		{29FE4D99-7865-41B1-A86F-5C7DA97C1923}.Debug|Any CPU.Build.0 = Debug|Any CPU
		{29FE4D99-7865-41B1-A86F-5C7DA97C1923}.Release|Any CPU.ActiveCfg = Release|Any CPU
		{29FE4D99-7865-41B1-A86F-5C7DA97C1923}.Release|Any CPU.Build.0 = Release|Any CPU
		{F58AF458-072D-4279-A1F1-F0779B0FB57F}.Debug|Any CPU.ActiveCfg = Debug|Any CPU
		{F58AF458-072D-4279-A1F1-F0779B0FB57F}.Debug|Any CPU.Build.0 = Debug|Any CPU
		{F58AF458-072D-4279-A1F1-F0779B0FB57F}.Release|Any CPU.ActiveCfg = Release|Any CPU
		{F58AF458-072D-4279-A1F1-F0779B0FB57F}.Release|Any CPU.Build.0 = Release|Any CPU
		{98B7CB3C-F03A-4121-A343-61C7B84EFEA8}.Debug|Any CPU.ActiveCfg = Debug|Any CPU
		{98B7CB3C-F03A-4121-A343-61C7B84EFEA8}.Debug|Any CPU.Build.0 = Debug|Any CPU
		{98B7CB3C-F03A-4121-A343-61C7B84EFEA8}.Release|Any CPU.ActiveCfg = Debug|Any CPU
		{98B7CB3C-F03A-4121-A343-61C7B84EFEA8}.Release|Any CPU.Build.0 = Debug|Any CPU
		{8AFF8F75-519D-432D-9048-81D0286E3416}.Debug|Any CPU.ActiveCfg = Debug|Any CPU
		{8AFF8F75-519D-432D-9048-81D0286E3416}.Debug|Any CPU.Build.0 = Debug|Any CPU
		{8AFF8F75-519D-432D-9048-81D0286E3416}.Release|Any CPU.ActiveCfg = Debug|Any CPU
		{8AFF8F75-519D-432D-9048-81D0286E3416}.Release|Any CPU.Build.0 = Debug|Any CPU
	EndGlobalSection
	GlobalSection(SolutionProperties) = preSolution
		HideSolutionNode = FALSE
	EndGlobalSection
	GlobalSection(NestedProjects) = preSolution
		{98B7CB3C-F03A-4121-A343-61C7B84EFEA8} = {769E63F4-2B16-4C9E-AAD5-FCEFE49DE7A4}
		{8AFF8F75-519D-432D-9048-81D0286E3416} = {769E63F4-2B16-4C9E-AAD5-FCEFE49DE7A4}
	EndGlobalSection
EndGlobal
